
Microsoft Visual Studio Solution File, Format Version 12.00
# Visual Studio Version 17
VisualStudioVersion = 17.7.34009.444
MinimumVisualStudioVersion = 10.0.40219.1
Project("{2150E333-8FDC-42A3-9474-1A3956D46DE8}") = "Shared", "Shared", "{102F954D-C69F-45E7-A19A-D9F2F4C1A201}"
EndProject
Project("{2150E333-8FDC-42A3-9474-1A3956D46DE8}") = "Presentation", "Presentation", "{0305EED3-A958-4B6F-B290-1D752C1CC84C}"
EndProject
Project("{2150E333-8FDC-42A3-9474-1A3956D46DE8}") = "Services", "Services", "{8917EF7D-5A28-4327-810B-52E8355B335C}"
EndProject
Project("{2150E333-8FDC-42A3-9474-1A3956D46DE8}") = "tests", "tests", "{F04079B0-6D56-45EA-BCC0-33469B4081F1}"
EndProject
Project("{2150E333-8FDC-42A3-9474-1A3956D46DE8}") = "src", "src", "{079FF5F8-B515-4D30-9FE8-EA32A83FD993}"
EndProject
Project("{2150E333-8FDC-42A3-9474-1A3956D46DE8}") = "Infrastructure", "Infrastructure", "{B41A5B54-8D71-4F52-8F63-C4C0670812A7}"
EndProject
Project("{9A19103F-16F7-4668-BE54-9A1E7A4F7556}") = "UPS.EmployeeManager.Shared", "src\Shared\UPS.EmployeeManager.Entities\UPS.EmployeeManager.Shared.csproj", "{604C5A95-B09E-4109-83D6-640CFEF0C827}"
EndProject
Project("{2150E333-8FDC-42A3-9474-1A3956D46DE8}") = "Domain", "Domain", "{843DAFFE-2262-4194-A364-866DA577613B}"
EndProject
Project("{9A19103F-16F7-4668-BE54-9A1E7A4F7556}") = "UPS.EmployeeManager.Domain", "src\Domain\UPS.EmployeeManager.Domain\UPS.EmployeeManager.Domain.csproj", "{C44C3A4C-09CA-4FE6-A6EB-BD7A03E237C4}"
EndProject
Project("{9A19103F-16F7-4668-BE54-9A1E7A4F7556}") = "UPS.EmployeeManager.EmployeeProxyAPI", "src\Services\UPS.EmployeeManager.EmployeeAPI\UPS.EmployeeManager.EmployeeProxyAPI.csproj", "{1FB2736A-45C2-4EC7-A85F-74C3C8680942}"
EndProject
Project("{9A19103F-16F7-4668-BE54-9A1E7A4F7556}") = "UPS.EmployeeManager.UI.WinForms", "src\Presentation\UPS.EmployeeManager.UI.WinForms\UPS.EmployeeManager.UI.WinForms.csproj", "{659191A7-8B7F-41C1-92B3-B3D7089134B4}"
EndProject
Project("{9A19103F-16F7-4668-BE54-9A1E7A4F7556}") = "FunctionalTests", "tests\FunctionalTests\FunctionalTests\FunctionalTests.csproj", "{E5CA8192-06C1-446A-9342-882F68C345C8}"
EndProject
Project("{9A19103F-16F7-4668-BE54-9A1E7A4F7556}") = "UnitTests", "tests\UnitTests\UnitTests\UnitTests.csproj", "{9C9E69E1-71B3-4B06-8F40-D0D7EDCEF428}"
EndProject
Project("{9A19103F-16F7-4668-BE54-9A1E7A4F7556}") = "UPS.EmployeeManager.Services", "src\Services\UPS.EmployeeManager.Services\UPS.EmployeeManager.Services.csproj", "{00FC227B-5D66-4D0D-B0A9-9DE6A2F7C963}"
EndProject
Global
	GlobalSection(SolutionConfigurationPlatforms) = preSolution
		Debug|Any CPU = Debug|Any CPU
		Release|Any CPU = Release|Any CPU
	EndGlobalSection
	GlobalSection(ProjectConfigurationPlatforms) = postSolution
		{604C5A95-B09E-4109-83D6-640CFEF0C827}.Debug|Any CPU.ActiveCfg = Debug|Any CPU
		{604C5A95-B09E-4109-83D6-640CFEF0C827}.Debug|Any CPU.Build.0 = Debug|Any CPU
		{604C5A95-B09E-4109-83D6-640CFEF0C827}.Release|Any CPU.ActiveCfg = Release|Any CPU
		{604C5A95-B09E-4109-83D6-640CFEF0C827}.Release|Any CPU.Build.0 = Release|Any CPU
		{C44C3A4C-09CA-4FE6-A6EB-BD7A03E237C4}.Debug|Any CPU.ActiveCfg = Debug|Any CPU
		{C44C3A4C-09CA-4FE6-A6EB-BD7A03E237C4}.Debug|Any CPU.Build.0 = Debug|Any CPU
		{C44C3A4C-09CA-4FE6-A6EB-BD7A03E237C4}.Release|Any CPU.ActiveCfg = Release|Any CPU
		{C44C3A4C-09CA-4FE6-A6EB-BD7A03E237C4}.Release|Any CPU.Build.0 = Release|Any CPU
		{1FB2736A-45C2-4EC7-A85F-74C3C8680942}.Debug|Any CPU.ActiveCfg = Debug|Any CPU
		{1FB2736A-45C2-4EC7-A85F-74C3C8680942}.Debug|Any CPU.Build.0 = Debug|Any CPU
		{1FB2736A-45C2-4EC7-A85F-74C3C8680942}.Release|Any CPU.ActiveCfg = Release|Any CPU
		{1FB2736A-45C2-4EC7-A85F-74C3C8680942}.Release|Any CPU.Build.0 = Release|Any CPU
		{659191A7-8B7F-41C1-92B3-B3D7089134B4}.Debug|Any CPU.ActiveCfg = Debug|Any CPU
		{659191A7-8B7F-41C1-92B3-B3D7089134B4}.Debug|Any CPU.Build.0 = Debug|Any CPU
		{659191A7-8B7F-41C1-92B3-B3D7089134B4}.Release|Any CPU.ActiveCfg = Release|Any CPU
		{659191A7-8B7F-41C1-92B3-B3D7089134B4}.Release|Any CPU.Build.0 = Release|Any CPU
		{E5CA8192-06C1-446A-9342-882F68C345C8}.Debug|Any CPU.ActiveCfg = Debug|Any CPU
		{E5CA8192-06C1-446A-9342-882F68C345C8}.Debug|Any CPU.Build.0 = Debug|Any CPU
		{E5CA8192-06C1-446A-9342-882F68C345C8}.Release|Any CPU.ActiveCfg = Release|Any CPU
		{E5CA8192-06C1-446A-9342-882F68C345C8}.Release|Any CPU.Build.0 = Release|Any CPU
		{9C9E69E1-71B3-4B06-8F40-D0D7EDCEF428}.Debug|Any CPU.ActiveCfg = Debug|Any CPU
		{9C9E69E1-71B3-4B06-8F40-D0D7EDCEF428}.Debug|Any CPU.Build.0 = Debug|Any CPU
		{9C9E69E1-71B3-4B06-8F40-D0D7EDCEF428}.Release|Any CPU.ActiveCfg = Release|Any CPU
		{9C9E69E1-71B3-4B06-8F40-D0D7EDCEF428}.Release|Any CPU.Build.0 = Release|Any CPU
		{00FC227B-5D66-4D0D-B0A9-9DE6A2F7C963}.Debug|Any CPU.ActiveCfg = Debug|Any CPU
		{00FC227B-5D66-4D0D-B0A9-9DE6A2F7C963}.Debug|Any CPU.Build.0 = Debug|Any CPU
		{00FC227B-5D66-4D0D-B0A9-9DE6A2F7C963}.Release|Any CPU.ActiveCfg = Release|Any CPU
		{00FC227B-5D66-4D0D-B0A9-9DE6A2F7C963}.Release|Any CPU.Build.0 = Release|Any CPU
	EndGlobalSection
	GlobalSection(SolutionProperties) = preSolution
		HideSolutionNode = FALSE
	EndGlobalSection
	GlobalSection(NestedProjects) = preSolution
		{102F954D-C69F-45E7-A19A-D9F2F4C1A201} = {079FF5F8-B515-4D30-9FE8-EA32A83FD993}
		{0305EED3-A958-4B6F-B290-1D752C1CC84C} = {079FF5F8-B515-4D30-9FE8-EA32A83FD993}
		{8917EF7D-5A28-4327-810B-52E8355B335C} = {079FF5F8-B515-4D30-9FE8-EA32A83FD993}
		{B41A5B54-8D71-4F52-8F63-C4C0670812A7} = {079FF5F8-B515-4D30-9FE8-EA32A83FD993}
		{604C5A95-B09E-4109-83D6-640CFEF0C827} = {102F954D-C69F-45E7-A19A-D9F2F4C1A201}
		{843DAFFE-2262-4194-A364-866DA577613B} = {079FF5F8-B515-4D30-9FE8-EA32A83FD993}
		{C44C3A4C-09CA-4FE6-A6EB-BD7A03E237C4} = {843DAFFE-2262-4194-A364-866DA577613B}
		{1FB2736A-45C2-4EC7-A85F-74C3C8680942} = {8917EF7D-5A28-4327-810B-52E8355B335C}
		{659191A7-8B7F-41C1-92B3-B3D7089134B4} = {0305EED3-A958-4B6F-B290-1D752C1CC84C}
		{E5CA8192-06C1-446A-9342-882F68C345C8} = {F04079B0-6D56-45EA-BCC0-33469B4081F1}
		{9C9E69E1-71B3-4B06-8F40-D0D7EDCEF428} = {F04079B0-6D56-45EA-BCC0-33469B4081F1}
		{00FC227B-5D66-4D0D-B0A9-9DE6A2F7C963} = {8917EF7D-5A28-4327-810B-52E8355B335C}
	EndGlobalSection
	GlobalSection(ExtensibilityGlobals) = postSolution
		SolutionGuid = {89F28811-7075-4DCB-8CEE-F5D62DAC1562}
	EndGlobalSection
EndGlobal
